
Microsoft Visual Studio Solution File, Format Version 12.00
# Visual Studio Version 17
VisualStudioVersion = 17.14.36518.9 d17.14
MinimumVisualStudioVersion = 10.0.40219.1
Project("{FAE04EC0-301F-11D3-BF4B-00C04F79EFBC}") = "SqlSugarLearnConsole", "SqlSugarLearnConsole\SqlSugarLearnConsole.csproj", "{4F45A24B-0D36-44EC-92A9-9D9E4EB5855E}"
EndProject
Global
	GlobalSection(SolutionConfigurationPlatforms) = preSolution
		Debug|Any CPU = Debug|Any CPU
		Release|Any CPU = Release|Any CPU
	EndGlobalSection
	GlobalSection(ProjectConfigurationPlatforms) = postSolution
		{4F45A24B-0D36-44EC-92A9-9D9E4EB5855E}.Debug|Any CPU.ActiveCfg = Debug|Any CPU
		{4F45A24B-0D36-44EC-92A9-9D9E4EB5855E}.Debug|Any CPU.Build.0 = Debug|Any CPU
		{4F45A24B-0D36-44EC-92A9-9D9E4EB5855E}.Release|Any CPU.ActiveCfg = Release|Any CPU
		{4F45A24B-0D36-44EC-92A9-9D9E4EB5855E}.Release|Any CPU.Build.0 = Release|Any CPU
	EndGlobalSection
	GlobalSection(SolutionProperties) = preSolution
		HideSolutionNode = FALSE
	EndGlobalSection
	GlobalSection(ExtensibilityGlobals) = postSolution
		SolutionGuid = {0EA6C1EE-B953-48EE-858B-0B4661A92837}
	EndGlobalSection
EndGlobal
